
Microsoft Visual Studio Solution File, Format Version 12.00
# Visual Studio 2013
VisualStudioVersion = 12.0.31101.0
MinimumVisualStudioVersion = 10.0.40219.1
Project("{FAE04EC0-301F-11D3-BF4B-00C04F79EFBC}") = "Javascript", "Javascript\Javascript.csproj", "{C84EB486-A57C-49DB-8DB5-74833748F171}"
EndProject
Project("{FAE04EC0-301F-11D3-BF4B-00C04F79EFBC}") = "jQuery", "jQuery\jQuery.csproj", "{2D1C22EE-F22B-43A0-A8D0-BF0A939565CE}"
EndProject
Project("{FAE04EC0-301F-11D3-BF4B-00C04F79EFBC}") = "C15_委托事件", "C15_委托事件\C15_委托事件.csproj", "{A0C4FB89-7E31-4BF9-B95B-4ECCA68DDA0B}"
EndProject
Project("{FAE04EC0-301F-11D3-BF4B-00C04F79EFBC}") = "C16_委托事件案例_三击按钮", "C16_委托事件案例_三击按钮\C16_委托事件案例_三击按钮.csproj", "{A06B44FF-FD68-47E4-8B00-B04E4B6EA522}"
EndProject
Project("{FAE04EC0-301F-11D3-BF4B-00C04F79EFBC}") = "C17_委托复习", "C17_委托复习\C17_委托复习.csproj", "{6A13FDE0-1A5D-4855-A9BC-50F2649E5666}"
EndProject
Project("{FAE04EC0-301F-11D3-BF4B-00C04F79EFBC}") = "C18_泛型", "C18_泛型\C18_泛型.csproj", "{6E97BFBF-992C-40F9-851C-DEE1D3C07F8F}"
EndProject
Project("{FAE04EC0-301F-11D3-BF4B-00C04F79EFBC}") = "C19_反射", "C19_反射\C19_反射.csproj", "{46FDE0E8-624F-40F2-A86B-9F1A6C0B78E9}"
EndProject
Project("{FAE04EC0-301F-11D3-BF4B-00C04F79EFBC}") = "C19_反射_BLL", "C19_反射_BLL\C19_反射_BLL.csproj", "{F259FDAB-E91B-49D5-ADC2-720385251E1F}"
EndProject
Project("{FAE04EC0-301F-11D3-BF4B-00C04F79EFBC}") = "C20_反射案例_记事本", "C20_反射案例_记事本\C20_反射案例_记事本.csproj", "{13A66E29-6E12-41FA-86B8-DCB23FCB1023}"
EndProject
Project("{FAE04EC0-301F-11D3-BF4B-00C04F79EFBC}") = "C20_反射案例_记事本Interface", "C20_反射案例_记事本Interface\C20_反射案例_记事本Interface.csproj", "{C0A9D138-72FA-43C3-9661-A18D036C4BCB}"
EndProject
Project("{FAE04EC0-301F-11D3-BF4B-00C04F79EFBC}") = "C20_反射案例_记事本插件", "C20_反射案例_记事本插件\C20_反射案例_记事本插件.csproj", "{D50CC85A-C1A1-48C2-B81E-076440C3A0BE}"
EndProject
Project("{FAE04EC0-301F-11D3-BF4B-00C04F79EFBC}") = "C01_Ref_Out", "C01_Ref_Out\C01_Ref_Out.csproj", "{27BB68D5-CA4F-4293-8E2B-E04FCF6BB3FF}"
EndProject
Project("{FAE04EC0-301F-11D3-BF4B-00C04F79EFBC}") = "C02_面向对象案例_猜拳游戏", "C02_面向对象案例_猜拳游戏\C02_面向对象案例_猜拳游戏.csproj", "{8D9AB916-F271-4F71-834B-17E1B2D165B0}"
EndProject
Project("{FAE04EC0-301F-11D3-BF4B-00C04F79EFBC}") = "C03_枚举", "C03_枚举\C03_枚举.csproj", "{4C224C3C-8652-4350-9CFD-11FF79B4837D}"
EndProject
Project("{FAE04EC0-301F-11D3-BF4B-00C04F79EFBC}") = "C04_结构", "C04_结构\C04_结构.csproj", "{EAACEA09-B880-4E16-B6E6-DB80D8428812}"
EndProject
Project("{FAE04EC0-301F-11D3-BF4B-00C04F79EFBC}") = "C05_垃圾回收", "C05_垃圾回收\C05_垃圾回收.csproj", "{59649651-FBF0-4902-BCA9-FF3E951B8422}"
EndProject
Project("{FAE04EC0-301F-11D3-BF4B-00C04F79EFBC}") = "C06_面向对象案例2_购物系统", "C06_面向对象案例2_购物系统\C06_面向对象案例2_购物系统.csproj", "{00E490A7-A987-4D5D-A89B-D7072D0BC0EE}"
EndProject
Project("{FAE04EC0-301F-11D3-BF4B-00C04F79EFBC}") = "C07_继承", "C07_继承\C07_继承.csproj", "{482910EE-474F-4400-A7DE-4DDB9903E7A3}"
EndProject
Project("{FAE04EC0-301F-11D3-BF4B-00C04F79EFBC}") = "C08_LSP_里氏替换原则", "C08_LSP_里氏替换原则\C08_LSP_里氏替换原则.csproj", "{AB3084BA-7749-4746-B313-8F76BEA4E56F}"
EndProject
Project("{FAE04EC0-301F-11D3-BF4B-00C04F79EFBC}") = "C09_虚方法", "C09_虚方法\C09_虚方法.csproj", "{73C0540F-0585-4D0E-ACD8-85B7AA33BF00}"
EndProject
Project("{FAE04EC0-301F-11D3-BF4B-00C04F79EFBC}") = "C10_虚方法案例1_洗澡机", "C10_虚方法案例1_洗澡机\C10_虚方法案例1_洗澡机.csproj", "{2399CE54-60A3-4ADA-AD26-C5B1BDEA634E}"
EndProject
Project("{FAE04EC0-301F-11D3-BF4B-00C04F79EFBC}") = "C11_虚方法案例2_赌城", "C11_虚方法案例2_赌城\C11_虚方法案例2_赌城.csproj", "{C0C39D97-20CA-4267-A31B-29C5BF8CD807}"
EndProject
Project("{FAE04EC0-301F-11D3-BF4B-00C04F79EFBC}") = "C12_抽象类", "C12_抽象类\C12_抽象类.csproj", "{43BA0FCB-D783-4C42-BB2E-FE87DA3EDB3C}"
EndProject
Project("{FAE04EC0-301F-11D3-BF4B-00C04F79EFBC}") = "C13_接口", "C13_接口\C13_接口.csproj", "{929783D0-B08B-4849-8A4D-79E68C7E93F9}"
EndProject
Global
	GlobalSection(SolutionConfigurationPlatforms) = preSolution
		Debug|Any CPU = Debug|Any CPU
		Release|Any CPU = Release|Any CPU
	EndGlobalSection
	GlobalSection(ProjectConfigurationPlatforms) = postSolution
		{C84EB486-A57C-49DB-8DB5-74833748F171}.Debug|Any CPU.ActiveCfg = Debug|Any CPU
		{C84EB486-A57C-49DB-8DB5-74833748F171}.Debug|Any CPU.Build.0 = Debug|Any CPU
		{C84EB486-A57C-49DB-8DB5-74833748F171}.Release|Any CPU.ActiveCfg = Release|Any CPU
		{C84EB486-A57C-49DB-8DB5-74833748F171}.Release|Any CPU.Build.0 = Release|Any CPU
		{2D1C22EE-F22B-43A0-A8D0-BF0A939565CE}.Debug|Any CPU.ActiveCfg = Debug|Any CPU
		{2D1C22EE-F22B-43A0-A8D0-BF0A939565CE}.Debug|Any CPU.Build.0 = Debug|Any CPU
		{2D1C22EE-F22B-43A0-A8D0-BF0A939565CE}.Release|Any CPU.ActiveCfg = Release|Any CPU
		{2D1C22EE-F22B-43A0-A8D0-BF0A939565CE}.Release|Any CPU.Build.0 = Release|Any CPU
		{A0C4FB89-7E31-4BF9-B95B-4ECCA68DDA0B}.Debug|Any CPU.ActiveCfg = Debug|Any CPU
		{A0C4FB89-7E31-4BF9-B95B-4ECCA68DDA0B}.Debug|Any CPU.Build.0 = Debug|Any CPU
		{A0C4FB89-7E31-4BF9-B95B-4ECCA68DDA0B}.Release|Any CPU.ActiveCfg = Release|Any CPU
		{A0C4FB89-7E31-4BF9-B95B-4ECCA68DDA0B}.Release|Any CPU.Build.0 = Release|Any CPU
		{A06B44FF-FD68-47E4-8B00-B04E4B6EA522}.Debug|Any CPU.ActiveCfg = Debug|Any CPU
		{A06B44FF-FD68-47E4-8B00-B04E4B6EA522}.Debug|Any CPU.Build.0 = Debug|Any CPU
		{A06B44FF-FD68-47E4-8B00-B04E4B6EA522}.Release|Any CPU.ActiveCfg = Release|Any CPU
		{A06B44FF-FD68-47E4-8B00-B04E4B6EA522}.Release|Any CPU.Build.0 = Release|Any CPU
		{6A13FDE0-1A5D-4855-A9BC-50F2649E5666}.Debug|Any CPU.ActiveCfg = Debug|Any CPU
		{6A13FDE0-1A5D-4855-A9BC-50F2649E5666}.Debug|Any CPU.Build.0 = Debug|Any CPU
		{6A13FDE0-1A5D-4855-A9BC-50F2649E5666}.Release|Any CPU.ActiveCfg = Release|Any CPU
		{6A13FDE0-1A5D-4855-A9BC-50F2649E5666}.Release|Any CPU.Build.0 = Release|Any CPU
		{6E97BFBF-992C-40F9-851C-DEE1D3C07F8F}.Debug|Any CPU.ActiveCfg = Debug|Any CPU
		{6E97BFBF-992C-40F9-851C-DEE1D3C07F8F}.Debug|Any CPU.Build.0 = Debug|Any CPU
		{6E97BFBF-992C-40F9-851C-DEE1D3C07F8F}.Release|Any CPU.ActiveCfg = Release|Any CPU
		{6E97BFBF-992C-40F9-851C-DEE1D3C07F8F}.Release|Any CPU.Build.0 = Release|Any CPU
		{46FDE0E8-624F-40F2-A86B-9F1A6C0B78E9}.Debug|Any CPU.ActiveCfg = Debug|Any CPU
		{46FDE0E8-624F-40F2-A86B-9F1A6C0B78E9}.Debug|Any CPU.Build.0 = Debug|Any CPU
		{46FDE0E8-624F-40F2-A86B-9F1A6C0B78E9}.Release|Any CPU.ActiveCfg = Release|Any CPU
		{46FDE0E8-624F-40F2-A86B-9F1A6C0B78E9}.Release|Any CPU.Build.0 = Release|Any CPU
		{F259FDAB-E91B-49D5-ADC2-720385251E1F}.Debug|Any CPU.ActiveCfg = Debug|Any CPU
		{F259FDAB-E91B-49D5-ADC2-720385251E1F}.Debug|Any CPU.Build.0 = Debug|Any CPU
		{F259FDAB-E91B-49D5-ADC2-720385251E1F}.Release|Any CPU.ActiveCfg = Release|Any CPU
		{F259FDAB-E91B-49D5-ADC2-720385251E1F}.Release|Any CPU.Build.0 = Release|Any CPU
		{13A66E29-6E12-41FA-86B8-DCB23FCB1023}.Debug|Any CPU.ActiveCfg = Debug|Any CPU
		{13A66E29-6E12-41FA-86B8-DCB23FCB1023}.Debug|Any CPU.Build.0 = Debug|Any CPU
		{13A66E29-6E12-41FA-86B8-DCB23FCB1023}.Release|Any CPU.ActiveCfg = Release|Any CPU
		{13A66E29-6E12-41FA-86B8-DCB23FCB1023}.Release|Any CPU.Build.0 = Release|Any CPU
		{C0A9D138-72FA-43C3-9661-A18D036C4BCB}.Debug|Any CPU.ActiveCfg = Debug|Any CPU
		{C0A9D138-72FA-43C3-9661-A18D036C4BCB}.Debug|Any CPU.Build.0 = Debug|Any CPU
		{C0A9D138-72FA-43C3-9661-A18D036C4BCB}.Release|Any CPU.ActiveCfg = Release|Any CPU
		{C0A9D138-72FA-43C3-9661-A18D036C4BCB}.Release|Any CPU.Build.0 = Release|Any CPU
		{D50CC85A-C1A1-48C2-B81E-076440C3A0BE}.Debug|Any CPU.ActiveCfg = Debug|Any CPU
		{D50CC85A-C1A1-48C2-B81E-076440C3A0BE}.Debug|Any CPU.Build.0 = Debug|Any CPU
		{D50CC85A-C1A1-48C2-B81E-076440C3A0BE}.Release|Any CPU.ActiveCfg = Release|Any CPU
		{D50CC85A-C1A1-48C2-B81E-076440C3A0BE}.Release|Any CPU.Build.0 = Release|Any CPU
		{27BB68D5-CA4F-4293-8E2B-E04FCF6BB3FF}.Debug|Any CPU.ActiveCfg = Debug|Any CPU
		{27BB68D5-CA4F-4293-8E2B-E04FCF6BB3FF}.Debug|Any CPU.Build.0 = Debug|Any CPU
		{27BB68D5-CA4F-4293-8E2B-E04FCF6BB3FF}.Release|Any CPU.ActiveCfg = Release|Any CPU
		{27BB68D5-CA4F-4293-8E2B-E04FCF6BB3FF}.Release|Any CPU.Build.0 = Release|Any CPU
		{8D9AB916-F271-4F71-834B-17E1B2D165B0}.Debug|Any CPU.ActiveCfg = Debug|Any CPU
		{8D9AB916-F271-4F71-834B-17E1B2D165B0}.Debug|Any CPU.Build.0 = Debug|Any CPU
		{8D9AB916-F271-4F71-834B-17E1B2D165B0}.Release|Any CPU.ActiveCfg = Release|Any CPU
		{8D9AB916-F271-4F71-834B-17E1B2D165B0}.Release|Any CPU.Build.0 = Release|Any CPU
		{4C224C3C-8652-4350-9CFD-11FF79B4837D}.Debug|Any CPU.ActiveCfg = Debug|Any CPU
		{4C224C3C-8652-4350-9CFD-11FF79B4837D}.Debug|Any CPU.Build.0 = Debug|Any CPU
		{4C224C3C-8652-4350-9CFD-11FF79B4837D}.Release|Any CPU.ActiveCfg = Release|Any CPU
		{4C224C3C-8652-4350-9CFD-11FF79B4837D}.Release|Any CPU.Build.0 = Release|Any CPU
		{EAACEA09-B880-4E16-B6E6-DB80D8428812}.Debug|Any CPU.ActiveCfg = Debug|Any CPU
		{EAACEA09-B880-4E16-B6E6-DB80D8428812}.Debug|Any CPU.Build.0 = Debug|Any CPU
		{EAACEA09-B880-4E16-B6E6-DB80D8428812}.Release|Any CPU.ActiveCfg = Release|Any CPU
		{EAACEA09-B880-4E16-B6E6-DB80D8428812}.Release|Any CPU.Build.0 = Release|Any CPU
		{59649651-FBF0-4902-BCA9-FF3E951B8422}.Debug|Any CPU.ActiveCfg = Debug|Any CPU
		{59649651-FBF0-4902-BCA9-FF3E951B8422}.Debug|Any CPU.Build.0 = Debug|Any CPU
		{59649651-FBF0-4902-BCA9-FF3E951B8422}.Release|Any CPU.ActiveCfg = Release|Any CPU
		{59649651-FBF0-4902-BCA9-FF3E951B8422}.Release|Any CPU.Build.0 = Release|Any CPU
		{00E490A7-A987-4D5D-A89B-D7072D0BC0EE}.Debug|Any CPU.ActiveCfg = Debug|Any CPU
		{00E490A7-A987-4D5D-A89B-D7072D0BC0EE}.Debug|Any CPU.Build.0 = Debug|Any CPU
		{00E490A7-A987-4D5D-A89B-D7072D0BC0EE}.Release|Any CPU.ActiveCfg = Release|Any CPU
		{00E490A7-A987-4D5D-A89B-D7072D0BC0EE}.Release|Any CPU.Build.0 = Release|Any CPU
		{482910EE-474F-4400-A7DE-4DDB9903E7A3}.Debug|Any CPU.ActiveCfg = Debug|Any CPU
		{482910EE-474F-4400-A7DE-4DDB9903E7A3}.Debug|Any CPU.Build.0 = Debug|Any CPU
		{482910EE-474F-4400-A7DE-4DDB9903E7A3}.Release|Any CPU.ActiveCfg = Release|Any CPU
		{482910EE-474F-4400-A7DE-4DDB9903E7A3}.Release|Any CPU.Build.0 = Release|Any CPU
		{AB3084BA-7749-4746-B313-8F76BEA4E56F}.Debug|Any CPU.ActiveCfg = Debug|Any CPU
		{AB3084BA-7749-4746-B313-8F76BEA4E56F}.Debug|Any CPU.Build.0 = Debug|Any CPU
		{AB3084BA-7749-4746-B313-8F76BEA4E56F}.Release|Any CPU.ActiveCfg = Release|Any CPU
		{AB3084BA-7749-4746-B313-8F76BEA4E56F}.Release|Any CPU.Build.0 = Release|Any CPU
		{73C0540F-0585-4D0E-ACD8-85B7AA33BF00}.Debug|Any CPU.ActiveCfg = Debug|Any CPU
		{73C0540F-0585-4D0E-ACD8-85B7AA33BF00}.Debug|Any CPU.Build.0 = Debug|Any CPU
		{73C0540F-0585-4D0E-ACD8-85B7AA33BF00}.Release|Any CPU.ActiveCfg = Release|Any CPU
		{73C0540F-0585-4D0E-ACD8-85B7AA33BF00}.Release|Any CPU.Build.0 = Release|Any CPU
		{2399CE54-60A3-4ADA-AD26-C5B1BDEA634E}.Debug|Any CPU.ActiveCfg = Debug|Any CPU
		{2399CE54-60A3-4ADA-AD26-C5B1BDEA634E}.Debug|Any CPU.Build.0 = Debug|Any CPU
		{2399CE54-60A3-4ADA-AD26-C5B1BDEA634E}.Release|Any CPU.ActiveCfg = Release|Any CPU
		{2399CE54-60A3-4ADA-AD26-C5B1BDEA634E}.Release|Any CPU.Build.0 = Release|Any CPU
		{C0C39D97-20CA-4267-A31B-29C5BF8CD807}.Debug|Any CPU.ActiveCfg = Debug|Any CPU
		{C0C39D97-20CA-4267-A31B-29C5BF8CD807}.Debug|Any CPU.Build.0 = Debug|Any CPU
		{C0C39D97-20CA-4267-A31B-29C5BF8CD807}.Release|Any CPU.ActiveCfg = Release|Any CPU
		{C0C39D97-20CA-4267-A31B-29C5BF8CD807}.Release|Any CPU.Build.0 = Release|Any CPU
		{43BA0FCB-D783-4C42-BB2E-FE87DA3EDB3C}.Debug|Any CPU.ActiveCfg = Debug|Any CPU
		{43BA0FCB-D783-4C42-BB2E-FE87DA3EDB3C}.Debug|Any CPU.Build.0 = Debug|Any CPU
		{43BA0FCB-D783-4C42-BB2E-FE87DA3EDB3C}.Release|Any CPU.ActiveCfg = Release|Any CPU
		{43BA0FCB-D783-4C42-BB2E-FE87DA3EDB3C}.Release|Any CPU.Build.0 = Release|Any CPU
		{929783D0-B08B-4849-8A4D-79E68C7E93F9}.Debug|Any CPU.ActiveCfg = Debug|Any CPU
		{929783D0-B08B-4849-8A4D-79E68C7E93F9}.Debug|Any CPU.Build.0 = Debug|Any CPU
		{929783D0-B08B-4849-8A4D-79E68C7E93F9}.Release|Any CPU.ActiveCfg = Release|Any CPU
		{929783D0-B08B-4849-8A4D-79E68C7E93F9}.Release|Any CPU.Build.0 = Release|Any CPU
	EndGlobalSection
	GlobalSection(SolutionProperties) = preSolution
		HideSolutionNode = FALSE
	EndGlobalSection
EndGlobal
